
Microsoft Visual Studio Solution File, Format Version 12.00
# Visual Studio Version 17
VisualStudioVersion = 17.5.002.0
MinimumVisualStudioVersion = 10.0.40219.1
Project("{2150E333-8FDC-42A3-9474-1A3956D46DE8}") = "Q", "Q", "{D92F61C6-8E23-4BD1-A11E-FDC003F68F18}"
EndProject
Project("{9A19103F-16F7-4668-BE54-9A1E7A4F7556}") = "Common", "Q\Common\Common.csproj", "{876501CD-C99D-4AB0-95AB-27FE24E36DC6}"
EndProject
Project("{9A19103F-16F7-4668-BE54-9A1E7A4F7556}") = "Player", "Q\Player\Player.csproj", "{3EEB8BB6-06FA-4B82-BEF7-83223389BC67}"
EndProject
Project("{9A19103F-16F7-4668-BE54-9A1E7A4F7556}") = "Referee", "Q\Referee\Referee.csproj", "{92370F6D-B166-4B97-BC87-2DB7B5058BB3}"
EndProject
Project("{2150E333-8FDC-42A3-9474-1A3956D46DE8}") = "Other", "Other", "{76FD3D80-D458-4944-917E-DFFF28A7F41E}"
EndProject
Project("{9A19103F-16F7-4668-BE54-9A1E7A4F7556}") = "Render", "Q\Other\Render\Render.csproj", "{5040A2C6-0A12-458E-9819-E1CB1A8187AE}"
EndProject
Project("{9A19103F-16F7-4668-BE54-9A1E7A4F7556}") = "Tests", "Q\Other\Tests\Tests.csproj", "{767FBF95-0D45-456E-85A3-9D46C2EB6D5C}"
EndProject
Project("{9A19103F-16F7-4668-BE54-9A1E7A4F7556}") = "Client", "Q\Client\Client.csproj", "{1E31FBF2-D756-4E1F-8632-DC73AAF91535}"
EndProject
Project("{9A19103F-16F7-4668-BE54-9A1E7A4F7556}") = "Server", "Q\Server\Server.csproj", "{D0B81B12-680B-4958-BB5C-C48A93E5EDB6}"
EndProject
Global
	GlobalSection(SolutionConfigurationPlatforms) = preSolution
		Debug|Any CPU = Debug|Any CPU
		Release|Any CPU = Release|Any CPU
	EndGlobalSection
	GlobalSection(ProjectConfigurationPlatforms) = postSolution
		{876501CD-C99D-4AB0-95AB-27FE24E36DC6}.Debug|Any CPU.ActiveCfg = Debug|Any CPU
		{876501CD-C99D-4AB0-95AB-27FE24E36DC6}.Debug|Any CPU.Build.0 = Debug|Any CPU
		{876501CD-C99D-4AB0-95AB-27FE24E36DC6}.Release|Any CPU.ActiveCfg = Release|Any CPU
		{876501CD-C99D-4AB0-95AB-27FE24E36DC6}.Release|Any CPU.Build.0 = Release|Any CPU
		{3EEB8BB6-06FA-4B82-BEF7-83223389BC67}.Debug|Any CPU.ActiveCfg = Debug|Any CPU
		{3EEB8BB6-06FA-4B82-BEF7-83223389BC67}.Debug|Any CPU.Build.0 = Debug|Any CPU
		{3EEB8BB6-06FA-4B82-BEF7-83223389BC67}.Release|Any CPU.ActiveCfg = Release|Any CPU
		{3EEB8BB6-06FA-4B82-BEF7-83223389BC67}.Release|Any CPU.Build.0 = Release|Any CPU
		{92370F6D-B166-4B97-BC87-2DB7B5058BB3}.Debug|Any CPU.ActiveCfg = Debug|Any CPU
		{92370F6D-B166-4B97-BC87-2DB7B5058BB3}.Debug|Any CPU.Build.0 = Debug|Any CPU
		{92370F6D-B166-4B97-BC87-2DB7B5058BB3}.Release|Any CPU.ActiveCfg = Release|Any CPU
		{92370F6D-B166-4B97-BC87-2DB7B5058BB3}.Release|Any CPU.Build.0 = Release|Any CPU
		{5040A2C6-0A12-458E-9819-E1CB1A8187AE}.Debug|Any CPU.ActiveCfg = Debug|Any CPU
		{5040A2C6-0A12-458E-9819-E1CB1A8187AE}.Debug|Any CPU.Build.0 = Debug|Any CPU
		{5040A2C6-0A12-458E-9819-E1CB1A8187AE}.Release|Any CPU.ActiveCfg = Release|Any CPU
		{5040A2C6-0A12-458E-9819-E1CB1A8187AE}.Release|Any CPU.Build.0 = Release|Any CPU
		{767FBF95-0D45-456E-85A3-9D46C2EB6D5C}.Debug|Any CPU.ActiveCfg = Debug|Any CPU
		{767FBF95-0D45-456E-85A3-9D46C2EB6D5C}.Debug|Any CPU.Build.0 = Debug|Any CPU
		{767FBF95-0D45-456E-85A3-9D46C2EB6D5C}.Release|Any CPU.ActiveCfg = Release|Any CPU
		{767FBF95-0D45-456E-85A3-9D46C2EB6D5C}.Release|Any CPU.Build.0 = Release|Any CPU
		{1E31FBF2-D756-4E1F-8632-DC73AAF91535}.Debug|Any CPU.ActiveCfg = Debug|Any CPU
		{1E31FBF2-D756-4E1F-8632-DC73AAF91535}.Debug|Any CPU.Build.0 = Debug|Any CPU
		{1E31FBF2-D756-4E1F-8632-DC73AAF91535}.Release|Any CPU.ActiveCfg = Release|Any CPU
		{1E31FBF2-D756-4E1F-8632-DC73AAF91535}.Release|Any CPU.Build.0 = Release|Any CPU
		{D0B81B12-680B-4958-BB5C-C48A93E5EDB6}.Debug|Any CPU.ActiveCfg = Debug|Any CPU
		{D0B81B12-680B-4958-BB5C-C48A93E5EDB6}.Debug|Any CPU.Build.0 = Debug|Any CPU
		{D0B81B12-680B-4958-BB5C-C48A93E5EDB6}.Release|Any CPU.ActiveCfg = Release|Any CPU
		{D0B81B12-680B-4958-BB5C-C48A93E5EDB6}.Release|Any CPU.Build.0 = Release|Any CPU
	EndGlobalSection
	GlobalSection(SolutionProperties) = preSolution
		HideSolutionNode = FALSE
	EndGlobalSection
	GlobalSection(NestedProjects) = preSolution
		{876501CD-C99D-4AB0-95AB-27FE24E36DC6} = {D92F61C6-8E23-4BD1-A11E-FDC003F68F18}
		{3EEB8BB6-06FA-4B82-BEF7-83223389BC67} = {D92F61C6-8E23-4BD1-A11E-FDC003F68F18}
		{92370F6D-B166-4B97-BC87-2DB7B5058BB3} = {D92F61C6-8E23-4BD1-A11E-FDC003F68F18}
		{76FD3D80-D458-4944-917E-DFFF28A7F41E} = {D92F61C6-8E23-4BD1-A11E-FDC003F68F18}
		{5040A2C6-0A12-458E-9819-E1CB1A8187AE} = {76FD3D80-D458-4944-917E-DFFF28A7F41E}
		{767FBF95-0D45-456E-85A3-9D46C2EB6D5C} = {76FD3D80-D458-4944-917E-DFFF28A7F41E}
		{1E31FBF2-D756-4E1F-8632-DC73AAF91535} = {D92F61C6-8E23-4BD1-A11E-FDC003F68F18}
		{D0B81B12-680B-4958-BB5C-C48A93E5EDB6} = {D92F61C6-8E23-4BD1-A11E-FDC003F68F18}
	EndGlobalSection
	GlobalSection(ExtensibilityGlobals) = postSolution
		SolutionGuid = {79B024B6-D36A-4AAF-9A77-5C20559A7425}
	EndGlobalSection
EndGlobal
